github.com/hakimfauzi23/go-say-hello v1.0.1 h1:OBAfJYJVPv8/2yPE/lcY7irSkWilkMsKHSiAqfzGv84=
github.com/hakimfauzi23/go-say-hello v1.0.1/go.mod h1:2oSvXhfJUMDWLzjtRKOKGuZ7msLhvW2YR6qNHosB+kw=
github.com/hakimfauzi23/go-say-hello v1.0.2 h1:Z3fX6J+ZrLiGalEnuVX0/YBkMsF+IeF1o+YN63sIcJ4=
github.com/hakimfauzi23/go-say-hello v1.0.2/go.mod h1:2oSvXhfJUMDWLzjtRKOKGuZ7msLhvW2YR6qNHosB+kw=
github.com/hakimfauzi23/go-say-hello v1.1.0 h1:tCBAAJClmskoV60j5r6pwx8FC6xKalT8hekZB98GAYQ=
github.com/hakimfauzi23/go-say-hello v1.1.0/go.mod h1:2oSvXhfJUMDWLzjtRKOKGuZ7msLhvW2YR6qNHosB+kw=
github.com/hakimfauzi23/go-say-hello v1.1.1 h1:rgDP0JYPPMO7KI09dct/5dvfPKisxaVyT8foMNq6nhw=
github.com/hakimfauzi23/go-say-hello v1.1.1/go.mod h1:2oSvXhfJUMDWLzjtRKOKGuZ7msLhvW2YR6qNHosB+kw=
